{
  "nodes": {
    "nixpkgs": {
      "locked": {
        "lastModified": 1757625375,
        "narHash": "sha256-1dU/aRoJY6/nL+WTzK7BHbzcllGvgXlLol06FruznIY=",
        "owner": "NixOS",
        "repo": "nixpkgs",
        "rev": "f2ed5672b098d1ce86536c51d70b6f3226eeaad7",
        "type": "github"
      },
      "original": {
        "owner": "NixOS",
        "repo": "nixpkgs",
        "type": "github"
      }
    },
    "root": {
      "inputs": {
        "nixpkgs": "nixpkgs",
        "rust-overlay": "rust-overlay"
      }
    },
    "rust-overlay": {
      "inputs": {
        "nixpkgs": [
          "nixpkgs"
        ]
      },
      "locked": {
        "lastModified": 1757558036,
        "narHash": "sha256-DyZaeaHy8iibckZ63XOqYJtEHc3kmVy8JrBIBV/GQHI=",
        "owner": "oxalica",
        "repo": "rust-overlay",
        "rev": "b8adf899786b7b77b8c3636a9b753e3622f00db0",
        "type": "github"
      },
      "original": {
        "owner": "oxalica",
        "repo": "rust-overlay",
        "type": "github"
      }
    }
  },
  "root": "root",
  "version": 7
}
